github.com/dlsniper/debugger v0.6.0 h1:AyPoOtJviCmig9AKNRAPPw5B5UyB+cI72zY3Jb+6LlA=
github.com/dlsniper/debugger v0.6.0/go.mod h1:FFdRcPU2Yo4P411bp5U97DHJUSUMKcqw1QMGUu0uVb8=
github.com/gorilla/mux v1.7.4 h1:VuZ8uybHlWmqV03+zRzdwKL4tUnIp1MAQtp1mIFE1bc=
github.com/gorilla/mux v1.7.4/go.mod h1:DVbg23sWSpFRCP0SfiEN6jmj59UnW/n46BH5rLB71So=
